
Microsoft Visual Studio Solution File, Format Version 12.00
# Visual Studio Version 17
VisualStudioVersion = 17.7.34024.191
MinimumVisualStudioVersion = 10.0.40219.1
Project("{FAE04EC0-301F-11D3-BF4B-00C04F79EFBC}") = "ClassLibraryGitTest", "ClassLibraryGitTest\ClassLibraryGitTest.csproj", "{05A69198-E78A-4CAC-9453-8567D9176FA2}"
EndProject
Global
	GlobalSection(SolutionConfigurationPlatforms) = preSolution
		Debug|Any CPU = Debug|Any CPU
		Release|Any CPU = Release|Any CPU
	EndGlobalSection
	GlobalSection(ProjectConfigurationPlatforms) = postSolution
		{05A69198-E78A-4CAC-9453-8567D9176FA2}.Debug|Any CPU.ActiveCfg = Debug|Any CPU
		{05A69198-E78A-4CAC-9453-8567D9176FA2}.Debug|Any CPU.Build.0 = Debug|Any CPU
		{05A69198-E78A-4CAC-9453-8567D9176FA2}.Release|Any CPU.ActiveCfg = Release|Any CPU
		{05A69198-E78A-4CAC-9453-8567D9176FA2}.Release|Any CPU.Build.0 = Release|Any CPU
	EndGlobalSection
	GlobalSection(SolutionProperties) = preSolution
		HideSolutionNode = FALSE
	EndGlobalSection
	GlobalSection(ExtensibilityGlobals) = postSolution
		SolutionGuid = {6732B803-992A-45BE-9326-7E48DA24FA85}
	EndGlobalSection
EndGlobal
